
Microsoft Visual Studio Solution File, Format Version 12.00
# Visual Studio 15
VisualStudioVersion = 15.0.26228.9
MinimumVisualStudioVersion = 10.0.40219.1
Project("{FAE04EC0-301F-11D3-BF4B-00C04F79EFBC}") = "Stefani.CursoArquitetura.OO", "Stefani.CursoArquitetura.OO\Stefani.CursoArquitetura.OO.csproj", "{5DF4F118-60B1-405D-9590-FC040E09869A}"
EndProject
Project("{2150E333-8FDC-42A3-9474-1A3956D46DE8}") = "OO", "OO", "{FBD73BBE-9F82-4A37-A4B4-1D39021187F7}"
EndProject
Project("{FAE04EC0-301F-11D3-BF4B-00C04F79EFBC}") = "Stefani.EstudoDslInterna", "..\Stefani.EstudoDslInterna\Stefani.EstudoDslInterna.csproj", "{A1233D71-B69D-4086-B87C-41B939E69E6B}"
EndProject
Global
	GlobalSection(SolutionConfigurationPlatforms) = preSolution
		Debug|Any CPU = Debug|Any CPU
		Release|Any CPU = Release|Any CPU
	EndGlobalSection
	GlobalSection(ProjectConfigurationPlatforms) = postSolution
		{5DF4F118-60B1-405D-9590-FC040E09869A}.Debug|Any CPU.ActiveCfg = Debug|Any CPU
		{5DF4F118-60B1-405D-9590-FC040E09869A}.Debug|Any CPU.Build.0 = Debug|Any CPU
		{5DF4F118-60B1-405D-9590-FC040E09869A}.Release|Any CPU.ActiveCfg = Release|Any CPU
		{5DF4F118-60B1-405D-9590-FC040E09869A}.Release|Any CPU.Build.0 = Release|Any CPU
		{A1233D71-B69D-4086-B87C-41B939E69E6B}.Debug|Any CPU.ActiveCfg = Debug|Any CPU
		{A1233D71-B69D-4086-B87C-41B939E69E6B}.Debug|Any CPU.Build.0 = Debug|Any CPU
		{A1233D71-B69D-4086-B87C-41B939E69E6B}.Release|Any CPU.ActiveCfg = Release|Any CPU
		{A1233D71-B69D-4086-B87C-41B939E69E6B}.Release|Any CPU.Build.0 = Release|Any CPU
	EndGlobalSection
	GlobalSection(SolutionProperties) = preSolution
		HideSolutionNode = FALSE
	EndGlobalSection
	GlobalSection(NestedProjects) = preSolution
		{5DF4F118-60B1-405D-9590-FC040E09869A} = {FBD73BBE-9F82-4A37-A4B4-1D39021187F7}
		{A1233D71-B69D-4086-B87C-41B939E69E6B} = {FBD73BBE-9F82-4A37-A4B4-1D39021187F7}
	EndGlobalSection
EndGlobal
